
Microsoft Visual Studio Solution File, Format Version 12.00
# Visual Studio 2013
VisualStudioVersion = 12.0.40629.0
MinimumVisualStudioVersion = 10.0.40219.1
Project("{2150E333-8FDC-42A3-9474-1A3956D46DE8}") = "WebApi", "WebApi", "{A3B7921B-02E2-42A7-B077-31960D3D8957}"
EndProject
Project("{2150E333-8FDC-42A3-9474-1A3956D46DE8}") = "Domain", "Domain", "{9F0BAF31-AE40-4AB0-B509-F4DAA9B3ECED}"
EndProject
Project("{FAE04EC0-301F-11D3-BF4B-00C04F79EFBC}") = "RiskApplication.Repository", "Domain\RiskApplication.Repository\RiskApplication.Repository.csproj", "{AE37F17E-B04F-4D9E-83AD-C07451DB7559}"
EndProject
Project("{FAE04EC0-301F-11D3-BF4B-00C04F79EFBC}") = "RiskApplication.WebApi", "WebApi\RiskApplication.WebApi\RiskApplication.WebApi.csproj", "{BDD716D7-422F-462C-A043-53E473E3FF64}"
EndProject
Project("{FAE04EC0-301F-11D3-BF4B-00C04F79EFBC}") = "RiskApplication.WebApi.Tests", "RiskApplication.WebApi.Tests\RiskApplication.WebApi.Tests.csproj", "{C8CCA795-E04B-476E-BDD0-1C2ADD658B3D}"
EndProject
Project("{FAE04EC0-301F-11D3-BF4B-00C04F79EFBC}") = "RiskApplication.Repository.Tests", "Domain\RiskApplication.Repository.Tests\RiskApplication.Repository.Tests.csproj", "{078D1418-C85D-4345-9BFF-921AB364C434}"
EndProject
Project("{FAE04EC0-301F-11D3-BF4B-00C04F79EFBC}") = "RiskApplication.Service", "WebApi\RiskApplication.Service\RiskApplication.Service.csproj", "{CE962A41-B8E8-4057-B44E-76B34C03CDAE}"
EndProject
Global
	GlobalSection(SolutionConfigurationPlatforms) = preSolution
		Debug|Any CPU = Debug|Any CPU
		Release|Any CPU = Release|Any CPU
	EndGlobalSection
	GlobalSection(ProjectConfigurationPlatforms) = postSolution
		{AE37F17E-B04F-4D9E-83AD-C07451DB7559}.Debug|Any CPU.ActiveCfg = Debug|Any CPU
		{AE37F17E-B04F-4D9E-83AD-C07451DB7559}.Debug|Any CPU.Build.0 = Debug|Any CPU
		{AE37F17E-B04F-4D9E-83AD-C07451DB7559}.Release|Any CPU.ActiveCfg = Release|Any CPU
		{AE37F17E-B04F-4D9E-83AD-C07451DB7559}.Release|Any CPU.Build.0 = Release|Any CPU
		{BDD716D7-422F-462C-A043-53E473E3FF64}.Debug|Any CPU.ActiveCfg = Debug|Any CPU
		{BDD716D7-422F-462C-A043-53E473E3FF64}.Debug|Any CPU.Build.0 = Debug|Any CPU
		{BDD716D7-422F-462C-A043-53E473E3FF64}.Release|Any CPU.ActiveCfg = Release|Any CPU
		{BDD716D7-422F-462C-A043-53E473E3FF64}.Release|Any CPU.Build.0 = Release|Any CPU
		{C8CCA795-E04B-476E-BDD0-1C2ADD658B3D}.Debug|Any CPU.ActiveCfg = Debug|Any CPU
		{C8CCA795-E04B-476E-BDD0-1C2ADD658B3D}.Debug|Any CPU.Build.0 = Debug|Any CPU
		{C8CCA795-E04B-476E-BDD0-1C2ADD658B3D}.Release|Any CPU.ActiveCfg = Release|Any CPU
		{C8CCA795-E04B-476E-BDD0-1C2ADD658B3D}.Release|Any CPU.Build.0 = Release|Any CPU
		{078D1418-C85D-4345-9BFF-921AB364C434}.Debug|Any CPU.ActiveCfg = Debug|Any CPU
		{078D1418-C85D-4345-9BFF-921AB364C434}.Debug|Any CPU.Build.0 = Debug|Any CPU
		{078D1418-C85D-4345-9BFF-921AB364C434}.Release|Any CPU.ActiveCfg = Release|Any CPU
		{078D1418-C85D-4345-9BFF-921AB364C434}.Release|Any CPU.Build.0 = Release|Any CPU
		{CE962A41-B8E8-4057-B44E-76B34C03CDAE}.Debug|Any CPU.ActiveCfg = Debug|Any CPU
		{CE962A41-B8E8-4057-B44E-76B34C03CDAE}.Debug|Any CPU.Build.0 = Debug|Any CPU
		{CE962A41-B8E8-4057-B44E-76B34C03CDAE}.Release|Any CPU.ActiveCfg = Release|Any CPU
		{CE962A41-B8E8-4057-B44E-76B34C03CDAE}.Release|Any CPU.Build.0 = Release|Any CPU
	EndGlobalSection
	GlobalSection(SolutionProperties) = preSolution
		HideSolutionNode = FALSE
	EndGlobalSection
	GlobalSection(NestedProjects) = preSolution
		{AE37F17E-B04F-4D9E-83AD-C07451DB7559} = {9F0BAF31-AE40-4AB0-B509-F4DAA9B3ECED}
		{BDD716D7-422F-462C-A043-53E473E3FF64} = {A3B7921B-02E2-42A7-B077-31960D3D8957}
		{C8CCA795-E04B-476E-BDD0-1C2ADD658B3D} = {A3B7921B-02E2-42A7-B077-31960D3D8957}
		{078D1418-C85D-4345-9BFF-921AB364C434} = {9F0BAF31-AE40-4AB0-B509-F4DAA9B3ECED}
		{CE962A41-B8E8-4057-B44E-76B34C03CDAE} = {A3B7921B-02E2-42A7-B077-31960D3D8957}
	EndGlobalSection
EndGlobal
